
Microsoft Visual Studio Solution File, Format Version 12.00
# Visual Studio 15
VisualStudioVersion = 15.0.28307.421
MinimumVisualStudioVersion = 10.0.40219.1
Project("{FAE04EC0-301F-11D3-BF4B-00C04F79EFBC}") = "WebApplication1", "WebApplication1\WebApplication1.csproj", "{2D6C0FC2-B8A1-4D3F-B5A1-338B42C18064}"
EndProject
Global
	GlobalSection(SolutionConfigurationPlatforms) = preSolution
		Debug|Any CPU = Debug|Any CPU
		Release|Any CPU = Release|Any CPU
	EndGlobalSection
	GlobalSection(ProjectConfigurationPlatforms) = postSolution
		{2D6C0FC2-B8A1-4D3F-B5A1-338B42C18064}.Debug|Any CPU.ActiveCfg = Debug|Any CPU
		{2D6C0FC2-B8A1-4D3F-B5A1-338B42C18064}.Debug|Any CPU.Build.0 = Debug|Any CPU
		{2D6C0FC2-B8A1-4D3F-B5A1-338B42C18064}.Release|Any CPU.ActiveCfg = Release|Any CPU
		{2D6C0FC2-B8A1-4D3F-B5A1-338B42C18064}.Release|Any CPU.Build.0 = Release|Any CPU
	EndGlobalSection
	GlobalSection(SolutionProperties) = preSolution
		HideSolutionNode = FALSE
	EndGlobalSection
	GlobalSection(ExtensibilityGlobals) = postSolution
		SolutionGuid = {8D9D9375-31AF-470F-96A7-D8E4474AD440}
	EndGlobalSection
EndGlobal
